
Microsoft Visual Studio Solution File, Format Version 12.00
# Visual Studio Version 17
VisualStudioVersion = 17.7.34024.191
MinimumVisualStudioVersion = 10.0.40219.1
Project("{FAE04EC0-301F-11D3-BF4B-00C04F79EFBC}") = "Bank", "Bank.csproj", "{BDFA63B1-4445-41F9-9933-7369E28C4AB7}"
EndProject
Global
	GlobalSection(SolutionConfigurationPlatforms) = preSolution
		Debug|Any CPU = Debug|Any CPU
		Release|Any CPU = Release|Any CPU
	EndGlobalSection
	GlobalSection(ProjectConfigurationPlatforms) = postSolution
		{BDFA63B1-4445-41F9-9933-7369E28C4AB7}.Debug|Any CPU.ActiveCfg = Debug|Any CPU
		{BDFA63B1-4445-41F9-9933-7369E28C4AB7}.Debug|Any CPU.Build.0 = Debug|Any CPU
		{BDFA63B1-4445-41F9-9933-7369E28C4AB7}.Release|Any CPU.ActiveCfg = Release|Any CPU
		{BDFA63B1-4445-41F9-9933-7369E28C4AB7}.Release|Any CPU.Build.0 = Release|Any CPU
	EndGlobalSection
	GlobalSection(SolutionProperties) = preSolution
		HideSolutionNode = FALSE
	EndGlobalSection
	GlobalSection(ExtensibilityGlobals) = postSolution
		SolutionGuid = {94D1C025-FBE5-4590-B774-D2015233B5BE}
	EndGlobalSection
EndGlobal
